// !$*UTF8*$!
{
	archiveVersion = 1;
	classes = {
	};
	objectVersion = 51;
	objects = {

/* Begin PBXBuildFile section */
		32E1E3CAE35C814F33AF21CD /* Pods_Smart_Attendance_System.framework in Frameworks */ = {isa = PBXBuildFile; fileRef = C478A242DF15A112F8C23588 /* Pods_Smart_Attendance_System.framework */; };
		C466F4952404565A00A6A2CF /* GoogleService-Info.plist in Resources */ = {isa = PBXBuildFile; fileRef = C466F4942404565A00A6A2CF /* GoogleService-Info.plist */; };
		C471E83B24377A8900CA3128 /* netflix.mp4 in Resources */ = {isa = PBXBuildFile; fileRef = C471E83A24377A8900CA3128 /* netflix.mp4 */; };
		C48258B32433BB85007CCB45 /* SecCollectionViewCell.swift in Sources */ = {isa = PBXBuildFile; fileRef = C48258B12433BB85007CCB45 /* SecCollectionViewCell.swift */; };
		C48258B42433BB85007CCB45 /* SecCollectionViewCell.xib in Resources */ = {isa = PBXBuildFile; fileRef = C48258B22433BB85007CCB45 /* SecCollectionViewCell.xib */; };
		C48258B72433C141007CCB45 /* DeptViewController.swift in Sources */ = {isa = PBXBuildFile; fileRef = C48258B62433C141007CCB45 /* DeptViewController.swift */; };
		C48258B92433C14F007CCB45 /* SecViewController.swift in Sources */ = {isa = PBXBuildFile; fileRef = C48258B82433C14F007CCB45 /* SecViewController.swift */; };
		C48258BC2433C6EA007CCB45 /* DeptCollectionViewCell.swift in Sources */ = {isa = PBXBuildFile; fileRef = C48258BA2433C6EA007CCB45 /* DeptCollectionViewCell.swift */; };
		C48258BD2433C6EA007CCB45 /* DeptCollectionViewCell.xib in Resources */ = {isa = PBXBuildFile; fileRef = C48258BB2433C6EA007CCB45 /* DeptCollectionViewCell.xib */; };
		C48258C02433CE08007CCB45 /* StudentTableViewCell.swift in Sources */ = {isa = PBXBuildFile; fileRef = C48258BE2433CE08007CCB45 /* StudentTableViewCell.swift */; };
		C48258C12433CE08007CCB45 /* StudentTableViewCell.xib in Resources */ = {isa = PBXBuildFile; fileRef = C48258BF2433CE08007CCB45 /* StudentTableViewCell.xib */; };
		C48258C32433D136007CCB45 /* HomeViewController.swift in Sources */ = {isa = PBXBuildFile; fileRef = C48258C22433D136007CCB45 /* HomeViewController.swift */; };
		C4885C482403EF5E00B556B9 /* AppDelegate.swift in Sources */ = {isa = PBXBuildFile; fileRef = C4885C472403EF5E00B556B9 /* AppDelegate.swift */; };
		C4885C4A2403EF5E00B556B9 /* SceneDelegate.swift in Sources */ = {isa = PBXBuildFile; fileRef = C4885C492403EF5E00B556B9 /* SceneDelegate.swift */; };
		C4885C4F2403EF5E00B556B9 /* Main.storyboard in Resources */ = {isa = PBXBuildFile; fileRef = C4885C4D2403EF5E00B556B9 /* Main.storyboard */; };
		C4885C512403EF6000B556B9 /* Assets.xcassets in Resources */ = {isa = PBXBuildFile; fileRef = C4885C502403EF6000B556B9 /* Assets.xcassets */; };
		C4885C542403EF6000B556B9 /* LaunchScreen.storyboard in Resources */ = {isa = PBXBuildFile; fileRef = C4885C522403EF6000B556B9 /* LaunchScreen.storyboard */; };
		C4885C5C2403F22400B556B9 /* SignInViewController.swift in Sources */ = {isa = PBXBuildFile; fileRef = C4885C5B2403F22400B556B9 /* SignInViewController.swift */; };
/* End PBXBuildFile section */

/* Begin PBXFileReference section */
		4FDA6E7C30078F5CFA061D70 /* Pods-Smart Attendance System.release.xcconfig */ = {isa = PBXFileReference; includeInIndex = 1; lastKnownFileType = text.xcconfig; name = "Pods-Smart Attendance System.release.xcconfig"; path = "Target Support Files/Pods-Smart Attendance System/Pods-Smart Attendance System.release.xcconfig"; sourceTree = "<group>"; };
		6DCFBCDDEDC47B1F972A8436 /* Pods-Smart Attendance System.debug.xcconfig */ = {isa = PBXFileReference; includeInIndex = 1; lastKnownFileType = text.xcconfig; name = "Pods-Smart Attendance System.debug.xcconfig"; path = "Target Support Files/Pods-Smart Attendance System/Pods-Smart Attendance System.debug.xcconfig"; sourceTree = "<group>"; };
		C466F4942404565A00A6A2CF /* GoogleService-Info.plist */ = {isa = PBXFileReference; fileEncoding = 4; lastKnownFileType = text.plist.xml; path = "GoogleService-Info.plist"; sourceTree = "<group>"; };
		C471E83A24377A8900CA3128 /* netflix.mp4 */ = {isa = PBXFileReference; lastKnownFileType = file; path = netflix.mp4; sourceTree = "<group>"; };
		C478A242DF15A112F8C23588 /* Pods_Smart_Attendance_System.framework */ = {isa = PBXFileReference; explicitFileType = wrapper.framework; includeInIndex = 0; path = Pods_Smart_Attendance_System.framework; sourceTree = BUILT_PRODUCTS_DIR; };
		C48258B12433BB85007CCB45 /* SecCollectionViewCell.swift */ = {isa = PBXFileReference; lastKnownFileType = sourcecode.swift; path = SecCollectionViewCell.swift; sourceTree = "<group>"; };
		C48258B22433BB85007CCB45 /* SecCollectionViewCell.xib */ = {isa = PBXFileReference; lastKnownFileType = file.xib; path = SecCollectionViewCell.xib; sourceTree = "<group>"; };
		C48258B62433C141007CCB45 /* DeptViewController.swift */ = {isa = PBXFileReference; lastKnownFileType = sourcecode.swift; path = DeptViewController.swift; sourceTree = "<group>"; };
		C48258B82433C14F007CCB45 /* SecViewController.swift */ = {isa = PBXFileReference; lastKnownFileType = sourcecode.swift; path = SecViewController.swift; sourceTree = "<group>"; };
		C48258BA2433C6EA007CCB45 /* DeptCollectionViewCell.swift */ = {isa = PBXFileReference; lastKnownFileType = sourcecode.swift; path = DeptCollectionViewCell.swift; sourceTree = "<group>"; };
		C48258BB2433C6EA007CCB45 /* DeptCollectionViewCell.xib */ = {isa = PBXFileReference; lastKnownFileType = file.xib; path = DeptCollectionViewCell.xib; sourceTree = "<group>"; };
		C48258BE2433CE08007CCB45 /* StudentTableViewCell.swift */ = {isa = PBXFileReference; lastKnownFileType = sourcecode.swift; path = StudentTableViewCell.swift; sourceTree = "<group>"; };
		C48258BF2433CE08007CCB45 /* StudentTableViewCell.xib */ = {isa = PBXFileReference; lastKnownFileType = file.xib; path = StudentTableViewCell.xib; sourceTree = "<group>"; };
		C48258C22433D136007CCB45 /* HomeViewController.swift */ = {isa = PBXFileReference; lastKnownFileType = sourcecode.swift; path = HomeViewController.swift; sourceTree = "<group>"; };
		C4885C442403EF5E00B556B9 /* Smart Attendance System.app */ = {isa = PBXFileReference; explicitFileType = wrapper.application; includeInIndex = 0; path = "Smart Attendance System.app"; sourceTree = BUILT_PRODUCTS_DIR; };
		C4885C472403EF5E00B556B9 /* AppDelegate.swift */ = {isa = PBXFileReference; lastKnownFileType = sourcecode.swift; path = AppDelegate.swift; sourceTree = "<group>"; };
		C4885C492403EF5E00B556B9 /* SceneDelegate.swift */ = {isa = PBXFileReference; lastKnownFileType = sourcecode.swift; path = SceneDelegate.swift; sourceTree = "<group>"; };
		C4885C4E2403EF5E00B556B9 /* Base */ = {isa = PBXFileReference; lastKnownFileType = file.storyboard; name = Base; path = Base.lproj/Main.storyboard; sourceTree = "<group>"; };
		C4885C502403EF6000B556B9 /* Assets.xcassets */ = {isa = PBXFileReference; lastKnownFileType = folder.assetcatalog; path = Assets.xcassets; sourceTree = "<group>"; };
		C4885C532403EF6000B556B9 /* Base */ = {isa = PBXFileReference; lastKnownFileType = file.storyboard; name = Base; path = Base.lproj/LaunchScreen.storyboard; sourceTree = "<group>"; };
		C4885C552403EF6000B556B9 /* Info.plist */ = {isa = PBXFileReference; lastKnownFileType = text.plist.xml; path = Info.plist; sourceTree = "<group>"; };
		C4885C5B2403F22400B556B9 /* SignInViewController.swift */ = {isa = PBXFileReference; lastKnownFileType = sourcecode.swift; path = SignInViewController.swift; sourceTree = "<group>"; };
/* End PBXFileReference section */

/* Begin PBXFrameworksBuildPhase section */
		C4885C412403EF5E00B556B9 /* Frameworks */ = {
			isa = PBXFrameworksBuildPhase;
			buildActionMask = 2147483647;
			files = (
				32E1E3CAE35C814F33AF21CD /* Pods_Smart_Attendance_System.framework in Frameworks */,
			);
			runOnlyForDeploymentPostprocessing = 0;
		};
/* End PBXFrameworksBuildPhase section */

/* Begin PBXGroup section */
		18FC3ED52961CB53013C9705 /* Frameworks */ = {
			isa = PBXGroup;
			children = (
				C478A242DF15A112F8C23588 /* Pods_Smart_Attendance_System.framework */,
			);
			name = Frameworks;
			sourceTree = "<group>";
		};
		4F56E06B685E35E18E84B72F /* Pods */ = {
			isa = PBXGroup;
			children = (
				6DCFBCDDEDC47B1F972A8436 /* Pods-Smart Attendance System.debug.xcconfig */,
				4FDA6E7C30078F5CFA061D70 /* Pods-Smart Attendance System.release.xcconfig */,
			);
			path = Pods;
			sourceTree = "<group>";
		};
		C48258B52433BB98007CCB45 /* Cell */ = {
			isa = PBXGroup;
			children = (
				C48258B12433BB85007CCB45 /* SecCollectionViewCell.swift */,
				C48258B22433BB85007CCB45 /* SecCollectionViewCell.xib */,
				C48258BA2433C6EA007CCB45 /* DeptCollectionViewCell.swift */,
				C48258BB2433C6EA007CCB45 /* DeptCollectionViewCell.xib */,
				C48258BE2433CE08007CCB45 /* StudentTableViewCell.swift */,
				C48258BF2433CE08007CCB45 /* StudentTableViewCell.xib */,
			);
			path = Cell;
			sourceTree = "<group>";
		};
		C4885C3B2403EF5E00B556B9 = {
			isa = PBXGroup;
			children = (
				C471E83A24377A8900CA3128 /* netflix.mp4 */,
				C4885C462403EF5E00B556B9 /* Smart Attendance System */,
				C4885C452403EF5E00B556B9 /* Products */,
				4F56E06B685E35E18E84B72F /* Pods */,
				18FC3ED52961CB53013C9705 /* Frameworks */,
			);
			sourceTree = "<group>";
		};
		C4885C452403EF5E00B556B9 /* Products */ = {
			isa = PBXGroup;
			children = (
				C4885C442403EF5E00B556B9 /* Smart Attendance System.app */,
			);
			name = Products;
			sourceTree = "<group>";
		};
		C4885C462403EF5E00B556B9 /* Smart Attendance System */ = {
			isa = PBXGroup;
			children = (
				C4885C472403EF5E00B556B9 /* AppDelegate.swift */,
				C4885C492403EF5E00B556B9 /* SceneDelegate.swift */,
				C4AD0C242404E23A00F10A09 /* Controller */,
				C4885C4D2403EF5E00B556B9 /* Main.storyboard */,
				C4885C502403EF6000B556B9 /* Assets.xcassets */,
				C4885C522403EF6000B556B9 /* LaunchScreen.storyboard */,
				C4885C552403EF6000B556B9 /* Info.plist */,
				C466F4942404565A00A6A2CF /* GoogleService-Info.plist */,
				C48258B52433BB98007CCB45 /* Cell */,
			);
			path = "Smart Attendance System";
			sourceTree = "<group>";
		};
		C4AD0C242404E23A00F10A09 /* Controller */ = {
			isa = PBXGroup;
			children = (
				C4885C5B2403F22400B556B9 /* SignInViewController.swift */,
				C48258B62433C141007CCB45 /* DeptViewController.swift */,
				C48258B82433C14F007CCB45 /* SecViewController.swift */,
				C48258C22433D136007CCB45 /* HomeViewController.swift */,
			);
			path = Controller;
			sourceTree = "<group>";
		};
/* End PBXGroup section */

/* Begin PBXNativeTarget section */
		C4885C432403EF5E00B556B9 /* Smart Attendance System */ = {
			isa = PBXNativeTarget;
			buildConfigurationList = C4885C582403EF6000B556B9 /* Build configuration list for PBXNativeTarget "Smart Attendance System" */;
			buildPhases = (
				2BD5AAF9AAE60AC6EF480E62 /* [CP] Check Pods Manifest.lock */,
				C4885C402403EF5E00B556B9 /* Sources */,
				C4885C412403EF5E00B556B9 /* Frameworks */,
				C4885C422403EF5E00B556B9 /* Resources */,
				367356D0814CB963346674EC /* [CP] Embed Pods Frameworks */,
			);
			buildRules = (
			);
			dependencies = (
			);
			name = "Smart Attendance System";
			productName = "Smart Attendance System";
			productReference = C4885C442403EF5E00B556B9 /* Smart Attendance System.app */;
			productType = "com.apple.product-type.application";
		};
/* End PBXNativeTarget section */

/* Begin PBXProject section */
		C4885C3C2403EF5E00B556B9 /* Project object */ = {
			isa = PBXProject;
			attributes = {
				LastSwiftUpdateCheck = 1130;
				LastUpgradeCheck = 1130;
				ORGANIZATIONNAME = "Hitachi Payment Services";
				TargetAttributes = {
					C4885C432403EF5E00B556B9 = {
						CreatedOnToolsVersion = 11.3.1;
					};
				};
			};
			buildConfigurationList = C4885C3F2403EF5E00B556B9 /* Build configuration list for PBXProject "Smart Attendance System" */;
			compatibilityVersion = "Xcode 9.3";
			developmentRegion = en;
			hasScannedForEncodings = 0;
			knownRegions = (
				en,
				Base,
			);
			mainGroup = C4885C3B2403EF5E00B556B9;
			productRefGroup = C4885C452403EF5E00B556B9 /* Products */;
			projectDirPath = "";
			projectRoot = "";
			targets = (
				C4885C432403EF5E00B556B9 /* Smart Attendance System */,
			);
		};
/* End PBXProject section */

/* Begin PBXResourcesBuildPhase section */
		C4885C422403EF5E00B556B9 /* Resources */ = {
			isa = PBXResourcesBuildPhase;
			buildActionMask = 2147483647;
			files = (
				C4885C542403EF6000B556B9 /* LaunchScreen.storyboard in Resources */,
				C48258B42433BB85007CCB45 /* SecCollectionViewCell.xib in Resources */,
				C48258C12433CE08007CCB45 /* StudentTableViewCell.xib in Resources */,
				C466F4952404565A00A6A2CF /* GoogleService-Info.plist in Resources */,
				C4885C512403EF6000B556B9 /* Assets.xcassets in Resources */,
				C4885C4F2403EF5E00B556B9 /* Main.storyboard in Resources */,
				C48258BD2433C6EA007CCB45 /* DeptCollectionViewCell.xib in Resources */,
				C471E83B24377A8900CA3128 /* netflix.mp4 in Resources */,
			);
			runOnlyForDeploymentPostprocessing = 0;
		};
/* End PBXResourcesBuildPhase section */

/* Begin PBXShellScriptBuildPhase section */
		2BD5AAF9AAE60AC6EF480E62 /* [CP] Check Pods Manifest.lock */ = {
			isa = PBXShellScriptBuildPhase;
			buildActionMask = 2147483647;
			files = (
			);
			inputFileListPaths = (
			);
			inputPaths = (
				"${PODS_PODFILE_DIR_PATH}/Podfile.lock",
				"${PODS_ROOT}/Manifest.lock",
			);
			name = "[CP] Check Pods Manifest.lock";
			outputFileListPaths = (
			);
			outputPaths = (
				"$(DERIVED_FILE_DIR)/Pods-Smart Attendance System-checkManifestLockResult.txt",
			);
			runOnlyForDeploymentPostprocessing = 0;
			shellPath = /bin/sh;
			shellScript = "diff \"${PODS_PODFILE_DIR_PATH}/Podfile.lock\" \"${PODS_ROOT}/Manifest.lock\" > /dev/null\nif [ $? != 0 ] ; then\n    # print error to STDERR\n    echo \"error: The sandbox is not in sync with the Podfile.lock. Run 'pod install' or update your CocoaPods installation.\" >&2\n    exit 1\nfi\n# This output is used by Xcode 'outputs' to avoid re-running this script phase.\necho \"SUCCESS\" > \"${SCRIPT_OUTPUT_FILE_0}\"\n";
			showEnvVarsInLog = 0;
		};
		367356D0814CB963346674EC /* [CP] Embed Pods Frameworks */ = {
			isa = PBXShellScriptBuildPhase;
			buildActionMask = 2147483647;
			files = (
			);
			inputFileListPaths = (
				"${PODS_ROOT}/Target Support Files/Pods-Smart Attendance System/Pods-Smart Attendance System-frameworks-${CONFIGURATION}-input-files.xcfilelist",
			);
			name = "[CP] Embed Pods Frameworks";
			outputFileListPaths = (
				"${PODS_ROOT}/Target Support Files/Pods-Smart Attendance System/Pods-Smart Attendance System-frameworks-${CONFIGURATION}-output-files.xcfilelist",
			);
			runOnlyForDeploymentPostprocessing = 0;
			shellPath = /bin/sh;
			shellScript = "\"${PODS_ROOT}/Target Support Files/Pods-Smart Attendance System/Pods-Smart Attendance System-frameworks.sh\"\n";
			showEnvVarsInLog = 0;
		};
/* End PBXShellScriptBuildPhase section */

/* Begin PBXSourcesBuildPhase section */
		C4885C402403EF5E00B556B9 /* Sources */ = {
			isa = PBXSourcesBuildPhase;
			buildActionMask = 2147483647;
			files = (
				C4885C5C2403F22400B556B9 /* SignInViewController.swift in Sources */,
				C4885C482403EF5E00B556B9 /* AppDelegate.swift in Sources */,
				C48258BC2433C6EA007CCB45 /* DeptCollectionViewCell.swift in Sources */,
				C48258B92433C14F007CCB45 /* SecViewController.swift in Sources */,
				C4885C4A2403EF5E00B556B9 /* SceneDelegate.swift in Sources */,
				C48258C32433D136007CCB45 /* HomeViewController.swift in Sources */,
				C48258B32433BB85007CCB45 /* SecCollectionViewCell.swift in Sources */,
				C48258B72433C141007CCB45 /* DeptViewController.swift in Sources */,
				C48258C02433CE08007CCB45 /* StudentTableViewCell.swift in Sources */,
			);
			runOnlyForDeploymentPostprocessing = 0;
		};
/* End PBXSourcesBuildPhase section */

/* Begin PBXVariantGroup section */
		C4885C4D2403EF5E00B556B9 /* Main.storyboard */ = {
			isa = PBXVariantGroup;
			children = (
				C4885C4E2403EF5E00B556B9 /* Base */,
			);
			name = Main.storyboard;
			sourceTree = "<group>";
		};
		C4885C522403EF6000B556B9 /* LaunchScreen.storyboard */ = {
			isa = PBXVariantGroup;
			children = (
				C4885C532403EF6000B556B9 /* Base */,
			);
			name = LaunchScreen.storyboard;
			sourceTree = "<group>";
		};
/* End PBXVariantGroup section */

/* Begin XCBuildConfiguration section */
		C4885C562403EF6000B556B9 /* Debug */ = {
			isa = XCBuildConfiguration;
			buildSettings = {
				ALWAYS_SEARCH_USER_PATHS = NO;
				CLANG_ANALYZER_NONNULL = YES;
				CLANG_ANALYZER_NUMBER_OBJECT_CONVERSION = YES_AGGRESSIVE;
				CLANG_CXX_LANGUAGE_STANDARD = "gnu++14";
				CLANG_CXX_LIBRARY = "libc++";
				CLANG_ENABLE_MODULES = YES;
				CLANG_ENABLE_OBJC_ARC = YES;
				CLANG_ENABLE_OBJC_WEAK = YES;
				CLANG_WARN_BLOCK_CAPTURE_AUTORELEASING = YES;
				CLANG_WARN_BOOL_CONVERSION = YES;
				CLANG_WARN_COMMA = YES;
				CLANG_WARN_CONSTANT_CONVERSION = YES;
				CLANG_WARN_DEPRECATED_OBJC_IMPLEMENTATIONS = YES;
				CLANG_WARN_DIRECT_OBJC_ISA_USAGE = YES_ERROR;
				CLANG_WARN_DOCUMENTATION_COMMENTS = YES;
				CLANG_WARN_EMPTY_BODY = YES;
				CLANG_WARN_ENUM_CONVERSION = YES;
				CLANG_WARN_INFINITE_RECURSION = YES;
				CLANG_WARN_INT_CONVERSION = YES;
				CLANG_WARN_NON_LITERAL_NULL_CONVERSION = YES;
				CLANG_WARN_OBJC_IMPLICIT_RETAIN_SELF = YES;
				CLANG_WARN_OBJC_LITERAL_CONVERSION = YES;
				CLANG_WARN_OBJC_ROOT_CLASS = YES_ERROR;
				CLANG_WARN_RANGE_LOOP_ANALYSIS = YES;
				CLANG_WARN_STRICT_PROTOTYPES = YES;
				CLANG_WARN_SUSPICIOUS_MOVE = YES;
				CLANG_WARN_UNGUARDED_AVAILABILITY = YES_AGGRESSIVE;
				CLANG_WARN_UNREACHABLE_CODE = YES;
				CLANG_WARN__DUPLICATE_METHOD_MATCH = YES;
				COPY_PHASE_STRIP = NO;
				DEBUG_INFORMATION_FORMAT = dwarf;
				ENABLE_STRICT_OBJC_MSGSEND = YES;
				ENABLE_TESTABILITY = YES;
				GCC_C_LANGUAGE_STANDARD = gnu11;
				GCC_DYNAMIC_NO_PIC = NO;
				GCC_NO_COMMON_BLOCKS = YES;
				GCC_OPTIMIZATION_LEVEL = 0;
				GCC_PREPROCESSOR_DEFINITIONS = (
					"DEBUG=1",
					"$(inherited)",
				);
				GCC_WARN_64_TO_32_BIT_CONVERSION = YES;
				GCC_WARN_ABOUT_RETURN_TYPE = YES_ERROR;
				GCC_WARN_UNDECLARED_SELECTOR = YES;
				GCC_WARN_UNINITIALIZED_AUTOS = YES_AGGRESSIVE;
				GCC_WARN_UNUSED_FUNCTION = YES;
				GCC_WARN_UNUSED_VARIABLE = YES;
				IPHONEOS_DEPLOYMENT_TARGET = 13.2;
				MTL_ENABLE_DEBUG_INFO = INCLUDE_SOURCE;
				MTL_FAST_MATH = YES;
				ONLY_ACTIVE_ARCH = YES;
				SDKROOT = iphoneos;
				SWIFT_ACTIVE_COMPILATION_CONDITIONS = DEBUG;
				SWIFT_OPTIMIZATION_LEVEL = "-Onone";
			};
			name = Debug;
		};
		C4885C572403EF6000B556B9 /* Release */ = {
			isa = XCBuildConfiguration;
			buildSettings = {
				ALWAYS_SEARCH_USER_PATHS = NO;
				CLANG_ANALYZER_NONNULL = YES;
				CLANG_ANALYZER_NUMBER_OBJECT_CONVERSION = YES_AGGRESSIVE;
				CLANG_CXX_LANGUAGE_STANDARD = "gnu++14";
				CLANG_CXX_LIBRARY = "libc++";
				CLANG_ENABLE_MODULES = YES;
				CLANG_ENABLE_OBJC_ARC = YES;
				CLANG_ENABLE_OBJC_WEAK = YES;
				CLANG_WARN_BLOCK_CAPTURE_AUTORELEASING = YES;
				CLANG_WARN_BOOL_CONVERSION = YES;
				CLANG_WARN_COMMA = YES;
				CLANG_WARN_CONSTANT_CONVERSION = YES;
				CLANG_WARN_DEPRECATED_OBJC_IMPLEMENTATIONS = YES;
				CLANG_WARN_DIRECT_OBJC_ISA_USAGE = YES_ERROR;
				CLANG_WARN_DOCUMENTATION_COMMENTS = YES;
				CLANG_WARN_EMPTY_BODY = YES;
				CLANG_WARN_ENUM_CONVERSION = YES;
				CLANG_WARN_INFINITE_RECURSION = YES;
				CLANG_WARN_INT_CONVERSION = YES;
				CLANG_WARN_NON_LITERAL_NULL_CONVERSION = YES;
				CLANG_WARN_OBJC_IMPLICIT_RETAIN_SELF = YES;
				CLANG_WARN_OBJC_LITERAL_CONVERSION = YES;
				CLANG_WARN_OBJC_ROOT_CLASS = YES_ERROR;
				CLANG_WARN_RANGE_LOOP_ANALYSIS = YES;
				CLANG_WARN_STRICT_PROTOTYPES = YES;
				CLANG_WARN_SUSPICIOUS_MOVE = YES;
				CLANG_WARN_UNGUARDED_AVAILABILITY = YES_AGGRESSIVE;
				CLANG_WARN_UNREACHABLE_CODE = YES;
				CLANG_WARN__DUPLICATE_METHOD_MATCH = YES;
				COPY_PHASE_STRIP = NO;
				DEBUG_INFORMATION_FORMAT = "dwarf-with-dsym";
				ENABLE_NS_ASSERTIONS = NO;
				ENABLE_STRICT_OBJC_MSGSEND = YES;
				GCC_C_LANGUAGE_STANDARD = gnu11;
				GCC_NO_COMMON_BLOCKS = YES;
				GCC_WARN_64_TO_32_BIT_CONVERSION = YES;
				GCC_WARN_ABOUT_RETURN_TYPE = YES_ERROR;
				GCC_WARN_UNDECLARED_SELECTOR = YES;
				GCC_WARN_UNINITIALIZED_AUTOS = YES_AGGRESSIVE;
				GCC_WARN_UNUSED_FUNCTION = YES;
				GCC_WARN_UNUSED_VARIABLE = YES;
				IPHONEOS_DEPLOYMENT_TARGET = 13.2;
				MTL_ENABLE_DEBUG_INFO = NO;
				MTL_FAST_MATH = YES;
				SDKROOT = iphoneos;
				SWIFT_COMPILATION_MODE = wholemodule;
				SWIFT_OPTIMIZATION_LEVEL = "-O";
				VALIDATE_PRODUCT = YES;
			};
			name = Release;
		};
		C4885C592403EF6000B556B9 /* Debug */ = {
			isa = XCBuildConfiguration;
			baseConfigurationReference = 6DCFBCDDEDC47B1F972A8436 /* Pods-Smart Attendance System.debug.xcconfig */;
			buildSettings = {
				ASSETCATALOG_COMPILER_APPICON_NAME = AppIcon;
				CODE_SIGN_STYLE = Automatic;
				DEVELOPMENT_TEAM = WTC8AXLG54;
				INFOPLIST_FILE = "Smart Attendance System/Info.plist";
				LD_RUNPATH_SEARCH_PATHS = (
					"$(inherited)",
					"@executable_path/Frameworks",
				);
				PRODUCT_BUNDLE_IDENTIFIER = "com.hitachipaymentservices.Smart-Attendance-System";
				PRODUCT_NAME = "$(TARGET_NAME)";
				SWIFT_VERSION = 5.0;
				TARGETED_DEVICE_FAMILY = "1,2";
			};
			name = Debug;
		};
		C4885C5A2403EF6000B556B9 /* Release */ = {
			isa = XCBuildConfiguration;
			baseConfigurationReference = 4FDA6E7C30078F5CFA061D70 /* Pods-Smart Attendance System.release.xcconfig */;
			buildSettings = {
				ASSETCATALOG_COMPILER_APPICON_NAME = AppIcon;
				CODE_SIGN_STYLE = Automatic;
				DEVELOPMENT_TEAM = WTC8AXLG54;
				INFOPLIST_FILE = "Smart Attendance System/Info.plist";
				LD_RUNPATH_SEARCH_PATHS = (
					"$(inherited)",
					"@executable_path/Frameworks",
				);
				PRODUCT_BUNDLE_IDENTIFIER = "com.hitachipaymentservices.Smart-Attendance-System";
				PRODUCT_NAME = "$(TARGET_NAME)";
				SWIFT_VERSION = 5.0;
				TARGETED_DEVICE_FAMILY = "1,2";
			};
			name = Release;
		};
/* End XCBuildConfiguration section */

/* Begin XCConfigurationList section */
		C4885C3F2403EF5E00B556B9 /* Build configuration list for PBXProject "Smart Attendance System" */ = {
			isa = XCConfigurationList;
			buildConfigurations = (
				C4885C562403EF6000B556B9 /* Debug */,
				C4885C572403EF6000B556B9 /* Release */,
			);
			defaultConfigurationIsVisible = 0;
			defaultConfigurationName = Release;
		};
		C4885C582403EF6000B556B9 /* Build configuration list for PBXNativeTarget "Smart Attendance System" */ = {
			isa = XCConfigurationList;
			buildConfigurations = (
				C4885C592403EF6000B556B9 /* Debug */,
				C4885C5A2403EF6000B556B9 /* Release */,
			);
			defaultConfigurationIsVisible = 0;
			defaultConfigurationName = Release;
		};
/* End XCConfigurationList section */
	};
	rootObject = C4885C3C2403EF5E00B556B9 /* Project object */;
}
